// !$*UTF8*$!
{
	archiveVersion = 1;
	classes = {
	};
	objectVersion = 56;
	objects = {

/* Begin PBXBuildFile section */
		FE53695F2C0F1A79008992C2 /* ReapMindValidations.docc in Sources */ = {isa = PBXBuildFile; fileRef = FE53695E2C0F1A79008992C2 /* ReapMindValidations.docc */; };
		FE5369652C0F1A79008992C2 /* ReapMindValidations.framework in Frameworks */ = {isa = PBXBuildFile; fileRef = FE53695A2C0F1A79008992C2 /* ReapMindValidations.framework */; };
		FE53696A2C0F1A79008992C2 /* ReapMindValidationsTests.swift in Sources */ = {isa = PBXBuildFile; fileRef = FE5369692C0F1A79008992C2 /* ReapMindValidationsTests.swift */; };
		FE53696B2C0F1A79008992C2 /* ReapMindValidations.h in Headers */ = {isa = PBXBuildFile; fileRef = FE53695D2C0F1A79008992C2 /* ReapMindValidations.h */; settings = {ATTRIBUTES = (Public, ); }; };
/* End PBXBuildFile section */

/* Begin PBXContainerItemProxy section */
		FE5369662C0F1A79008992C2 /* PBXContainerItemProxy */ = {
			isa = PBXContainerItemProxy;
			containerPortal = FE5369512C0F1A79008992C2 /* Project object */;
			proxyType = 1;
			remoteGlobalIDString = FE5369592C0F1A79008992C2;
			remoteInfo = ReapMindValidations;
		};
/* End PBXContainerItemProxy section */

/* Begin PBXFileReference section */
		FE53695A2C0F1A79008992C2 /* ReapMindValidations.framework */ = {isa = PBXFileReference; explicitFileType = wrapper.framework; includeInIndex = 0; path = ReapMindValidations.framework; sourceTree = BUILT_PRODUCTS_DIR; };
		FE53695D2C0F1A79008992C2 /* ReapMindValidations.h */ = {isa = PBXFileReference; lastKnownFileType = sourcecode.c.h; path = ReapMindValidations.h; sourceTree = "<group>"; };
		FE53695E2C0F1A79008992C2 /* ReapMindValidations.docc */ = {isa = PBXFileReference; lastKnownFileType = folder.documentationcatalog; path = ReapMindValidations.docc; sourceTree = "<group>"; };
		FE5369642C0F1A79008992C2 /* ReapMindValidationsTests.xctest */ = {isa = PBXFileReference; explicitFileType = wrapper.cfbundle; includeInIndex = 0; path = ReapMindValidationsTests.xctest; sourceTree = BUILT_PRODUCTS_DIR; };
		FE5369692C0F1A79008992C2 /* ReapMindValidationsTests.swift */ = {isa = PBXFileReference; lastKnownFileType = sourcecode.swift; path = ReapMindValidationsTests.swift; sourceTree = "<group>"; };
/* End PBXFileReference section */

/* Begin PBXFrameworksBuildPhase section */
		FE5369572C0F1A79008992C2 /* Frameworks */ = {
			isa = PBXFrameworksBuildPhase;
			buildActionMask = 2147483647;
			files = (
			);
			runOnlyForDeploymentPostprocessing = 0;
		};
		FE5369612C0F1A79008992C2 /* Frameworks */ = {
			isa = PBXFrameworksBuildPhase;
			buildActionMask = 2147483647;
			files = (
				FE5369652C0F1A79008992C2 /* ReapMindValidations.framework in Frameworks */,
			);
			runOnlyForDeploymentPostprocessing = 0;
		};
/* End PBXFrameworksBuildPhase section */

/* Begin PBXGroup section */
		FE5369502C0F1A79008992C2 = {
			isa = PBXGroup;
			children = (
				FE53695C2C0F1A79008992C2 /* ReapMindValidations */,
				FE5369682C0F1A79008992C2 /* ReapMindValidationsTests */,
				FE53695B2C0F1A79008992C2 /* Products */,
			);
			sourceTree = "<group>";
		};
		FE53695B2C0F1A79008992C2 /* Products */ = {
			isa = PBXGroup;
			children = (
				FE53695A2C0F1A79008992C2 /* ReapMindValidations.framework */,
				FE5369642C0F1A79008992C2 /* ReapMindValidationsTests.xctest */,
			);
			name = Products;
			sourceTree = "<group>";
		};
		FE53695C2C0F1A79008992C2 /* ReapMindValidations */ = {
			isa = PBXGroup;
			children = (
				FE53695D2C0F1A79008992C2 /* ReapMindValidations.h */,
				FE53695E2C0F1A79008992C2 /* ReapMindValidations.docc */,
			);
			path = ReapMindValidations;
			sourceTree = "<group>";
		};
		FE5369682C0F1A79008992C2 /* ReapMindValidationsTests */ = {
			isa = PBXGroup;
			children = (
				FE5369692C0F1A79008992C2 /* ReapMindValidationsTests.swift */,
			);
			path = ReapMindValidationsTests;
			sourceTree = "<group>";
		};
/* End PBXGroup section */

/* Begin PBXHeadersBuildPhase section */
		FE5369552C0F1A79008992C2 /* Headers */ = {
			isa = PBXHeadersBuildPhase;
			buildActionMask = 2147483647;
			files = (
				FE53696B2C0F1A79008992C2 /* ReapMindValidations.h in Headers */,
			);
			runOnlyForDeploymentPostprocessing = 0;
		};
/* End PBXHeadersBuildPhase section */

/* Begin PBXNativeTarget section */
		FE5369592C0F1A79008992C2 /* ReapMindValidations */ = {
			isa = PBXNativeTarget;
			buildConfigurationList = FE53696E2C0F1A79008992C2 /* Build configuration list for PBXNativeTarget "ReapMindValidations" */;
			buildPhases = (
				FE5369552C0F1A79008992C2 /* Headers */,
				FE5369562C0F1A79008992C2 /* Sources */,
				FE5369572C0F1A79008992C2 /* Frameworks */,
				FE5369582C0F1A79008992C2 /* Resources */,
			);
			buildRules = (
			);
			dependencies = (
			);
			name = ReapMindValidations;
			productName = ReapMindValidations;
			productReference = FE53695A2C0F1A79008992C2 /* ReapMindValidations.framework */;
			productType = "com.apple.product-type.framework";
		};
		FE5369632C0F1A79008992C2 /* ReapMindValidationsTests */ = {
			isa = PBXNativeTarget;
			buildConfigurationList = FE5369712C0F1A79008992C2 /* Build configuration list for PBXNativeTarget "ReapMindValidationsTests" */;
			buildPhases = (
				FE5369602C0F1A79008992C2 /* Sources */,
				FE5369612C0F1A79008992C2 /* Frameworks */,
				FE5369622C0F1A79008992C2 /* Resources */,
			);
			buildRules = (
			);
			dependencies = (
				FE5369672C0F1A79008992C2 /* PBXTargetDependency */,
			);
			name = ReapMindValidationsTests;
			productName = ReapMindValidationsTests;
			productReference = FE5369642C0F1A79008992C2 /* ReapMindValidationsTests.xctest */;
			productType = "com.apple.product-type.bundle.unit-test";
		};
/* End PBXNativeTarget section */

/* Begin PBXProject section */
		FE5369512C0F1A79008992C2 /* Project object */ = {
			isa = PBXProject;
			attributes = {
				BuildIndependentTargetsInParallel = 1;
				LastSwiftUpdateCheck = 1430;
				LastUpgradeCheck = 1430;
				TargetAttributes = {
					FE5369592C0F1A79008992C2 = {
						CreatedOnToolsVersion = 14.3;
					};
					FE5369632C0F1A79008992C2 = {
						CreatedOnToolsVersion = 14.3;
					};
				};
			};
			buildConfigurationList = FE5369542C0F1A79008992C2 /* Build configuration list for PBXProject "ReapMindValidations" */;
			compatibilityVersion = "Xcode 14.0";
			developmentRegion = en;
			hasScannedForEncodings = 0;
			knownRegions = (
				en,
				Base,
			);
			mainGroup = FE5369502C0F1A79008992C2;
			productRefGroup = FE53695B2C0F1A79008992C2 /* Products */;
			projectDirPath = "";
			projectRoot = "";
			targets = (
				FE5369592C0F1A79008992C2 /* ReapMindValidations */,
				FE5369632C0F1A79008992C2 /* ReapMindValidationsTests */,
			);
		};
/* End PBXProject section */

/* Begin PBXResourcesBuildPhase section */
		FE5369582C0F1A79008992C2 /* Resources */ = {
			isa = PBXResourcesBuildPhase;
			buildActionMask = 2147483647;
			files = (
			);
			runOnlyForDeploymentPostprocessing = 0;
		};
		FE5369622C0F1A79008992C2 /* Resources */ = {
			isa = PBXResourcesBuildPhase;
			buildActionMask = 2147483647;
			files = (
			);
			runOnlyForDeploymentPostprocessing = 0;
		};
/* End PBXResourcesBuildPhase section */

/* Begin PBXSourcesBuildPhase section */
		FE5369562C0F1A79008992C2 /* Sources */ = {
			isa = PBXSourcesBuildPhase;
			buildActionMask = 2147483647;
			files = (
				FE53695F2C0F1A79008992C2 /* ReapMindValidations.docc in Sources */,
			);
			runOnlyForDeploymentPostprocessing = 0;
		};
		FE5369602C0F1A79008992C2 /* Sources */ = {
			isa = PBXSourcesBuildPhase;
			buildActionMask = 2147483647;
			files = (
				FE53696A2C0F1A79008992C2 /* ReapMindValidationsTests.swift in Sources */,
			);
			runOnlyForDeploymentPostprocessing = 0;
		};
/* End PBXSourcesBuildPhase section */

/* Begin PBXTargetDependency section */
		FE5369672C0F1A79008992C2 /* PBXTargetDependency */ = {
			isa = PBXTargetDependency;
			target = FE5369592C0F1A79008992C2 /* ReapMindValidations */;
			targetProxy = FE5369662C0F1A79008992C2 /* PBXContainerItemProxy */;
		};
/* End PBXTargetDependency section */

/* Begin XCBuildConfiguration section */
		FE53696C2C0F1A79008992C2 /* Debug */ = {
			isa = XCBuildConfiguration;
			buildSettings = {
				ALWAYS_SEARCH_USER_PATHS = NO;
				CLANG_ANALYZER_NONNULL = YES;
				CLANG_ANALYZER_NUMBER_OBJECT_CONVERSION = YES_AGGRESSIVE;
				CLANG_CXX_LANGUAGE_STANDARD = "gnu++20";
				CLANG_ENABLE_MODULES = YES;
				CLANG_ENABLE_OBJC_ARC = YES;
				CLANG_ENABLE_OBJC_WEAK = YES;
				CLANG_WARN_BLOCK_CAPTURE_AUTORELEASING = YES;
				CLANG_WARN_BOOL_CONVERSION = YES;
				CLANG_WARN_COMMA = YES;
				CLANG_WARN_CONSTANT_CONVERSION = YES;
				CLANG_WARN_DEPRECATED_OBJC_IMPLEMENTATIONS = YES;
				CLANG_WARN_DIRECT_OBJC_ISA_USAGE = YES_ERROR;
				CLANG_WARN_DOCUMENTATION_COMMENTS = YES;
				CLANG_WARN_EMPTY_BODY = YES;
				CLANG_WARN_ENUM_CONVERSION = YES;
				CLANG_WARN_INFINITE_RECURSION = YES;
				CLANG_WARN_INT_CONVERSION = YES;
				CLANG_WARN_NON_LITERAL_NULL_CONVERSION = YES;
				CLANG_WARN_OBJC_IMPLICIT_RETAIN_SELF = YES;
				CLANG_WARN_OBJC_LITERAL_CONVERSION = YES;
				CLANG_WARN_OBJC_ROOT_CLASS = YES_ERROR;
				CLANG_WARN_QUOTED_INCLUDE_IN_FRAMEWORK_HEADER = YES;
				CLANG_WARN_RANGE_LOOP_ANALYSIS = YES;
				CLANG_WARN_STRICT_PROTOTYPES = YES;
				CLANG_WARN_SUSPICIOUS_MOVE = YES;
				CLANG_WARN_UNGUARDED_AVAILABILITY = YES_AGGRESSIVE;
				CLANG_WARN_UNREACHABLE_CODE = YES;
				CLANG_WARN__DUPLICATE_METHOD_MATCH = YES;
				COPY_PHASE_STRIP = NO;
				CURRENT_PROJECT_VERSION = 1;
				DEBUG_INFORMATION_FORMAT = dwarf;
				ENABLE_STRICT_OBJC_MSGSEND = YES;
				ENABLE_TESTABILITY = YES;
				GCC_C_LANGUAGE_STANDARD = gnu11;
				GCC_DYNAMIC_NO_PIC = NO;
				GCC_NO_COMMON_BLOCKS = YES;
				GCC_OPTIMIZATION_LEVEL = 0;
				GCC_PREPROCESSOR_DEFINITIONS = (
					"DEBUG=1",
					"$(inherited)",
				);
				GCC_WARN_64_TO_32_BIT_CONVERSION = YES;
				GCC_WARN_ABOUT_RETURN_TYPE = YES_ERROR;
				GCC_WARN_UNDECLARED_SELECTOR = YES;
				GCC_WARN_UNINITIALIZED_AUTOS = YES_AGGRESSIVE;
				GCC_WARN_UNUSED_FUNCTION = YES;
				GCC_WARN_UNUSED_VARIABLE = YES;
				IPHONEOS_DEPLOYMENT_TARGET = 16.4;
				MTL_ENABLE_DEBUG_INFO = INCLUDE_SOURCE;
				MTL_FAST_MATH = YES;
				ONLY_ACTIVE_ARCH = YES;
				SDKROOT = iphoneos;
				SWIFT_ACTIVE_COMPILATION_CONDITIONS = DEBUG;
				SWIFT_OPTIMIZATION_LEVEL = "-Onone";
				VERSIONING_SYSTEM = "apple-generic";
				VERSION_INFO_PREFIX = "";
			};
			name = Debug;
		};
		FE53696D2C0F1A79008992C2 /* Release */ = {
			isa = XCBuildConfiguration;
			buildSettings = {
				ALWAYS_SEARCH_USER_PATHS = NO;
				CLANG_ANALYZER_NONNULL = YES;
				CLANG_ANALYZER_NUMBER_OBJECT_CONVERSION = YES_AGGRESSIVE;
				CLANG_CXX_LANGUAGE_STANDARD = "gnu++20";
				CLANG_ENABLE_MODULES = YES;
				CLANG_ENABLE_OBJC_ARC = YES;
				CLANG_ENABLE_OBJC_WEAK = YES;
				CLANG_WARN_BLOCK_CAPTURE_AUTORELEASING = YES;
				CLANG_WARN_BOOL_CONVERSION = YES;
				CLANG_WARN_COMMA = YES;
				CLANG_WARN_CONSTANT_CONVERSION = YES;
				CLANG_WARN_DEPRECATED_OBJC_IMPLEMENTATIONS = YES;
				CLANG_WARN_DIRECT_OBJC_ISA_USAGE = YES_ERROR;
				CLANG_WARN_DOCUMENTATION_COMMENTS = YES;
				CLANG_WARN_EMPTY_BODY = YES;
				CLANG_WARN_ENUM_CONVERSION = YES;
				CLANG_WARN_INFINITE_RECURSION = YES;
				CLANG_WARN_INT_CONVERSION = YES;
				CLANG_WARN_NON_LITERAL_NULL_CONVERSION = YES;
				CLANG_WARN_OBJC_IMPLICIT_RETAIN_SELF = YES;
				CLANG_WARN_OBJC_LITERAL_CONVERSION = YES;
				CLANG_WARN_OBJC_ROOT_CLASS = YES_ERROR;
				CLANG_WARN_QUOTED_INCLUDE_IN_FRAMEWORK_HEADER = YES;
				CLANG_WARN_RANGE_LOOP_ANALYSIS = YES;
				CLANG_WARN_STRICT_PROTOTYPES = YES;
				CLANG_WARN_SUSPICIOUS_MOVE = YES;
				CLANG_WARN_UNGUARDED_AVAILABILITY = YES_AGGRESSIVE;
				CLANG_WARN_UNREACHABLE_CODE = YES;
				CLANG_WARN__DUPLICATE_METHOD_MATCH = YES;
				COPY_PHASE_STRIP = NO;
				CURRENT_PROJECT_VERSION = 1;
				DEBUG_INFORMATION_FORMAT = "dwarf-with-dsym";
				ENABLE_NS_ASSERTIONS = NO;
				ENABLE_STRICT_OBJC_MSGSEND = YES;
				GCC_C_LANGUAGE_STANDARD = gnu11;
				GCC_NO_COMMON_BLOCKS = YES;
				GCC_WARN_64_TO_32_BIT_CONVERSION = YES;
				GCC_WARN_ABOUT_RETURN_TYPE = YES_ERROR;
				GCC_WARN_UNDECLARED_SELECTOR = YES;
				GCC_WARN_UNINITIALIZED_AUTOS = YES_AGGRESSIVE;
				GCC_WARN_UNUSED_FUNCTION = YES;
				GCC_WARN_UNUSED_VARIABLE = YES;
				IPHONEOS_DEPLOYMENT_TARGET = 16.4;
				MTL_ENABLE_DEBUG_INFO = NO;
				MTL_FAST_MATH = YES;
				SDKROOT = iphoneos;
				SWIFT_COMPILATION_MODE = wholemodule;
				SWIFT_OPTIMIZATION_LEVEL = "-O";
				VALIDATE_PRODUCT = YES;
				VERSIONING_SYSTEM = "apple-generic";
				VERSION_INFO_PREFIX = "";
			};
			name = Release;
		};
		FE53696F2C0F1A79008992C2 /* Debug */ = {
			isa = XCBuildConfiguration;
			buildSettings = {
				CODE_SIGN_STYLE = Automatic;
				CURRENT_PROJECT_VERSION = 1;
				DEFINES_MODULE = YES;
				DYLIB_COMPATIBILITY_VERSION = 1;
				DYLIB_CURRENT_VERSION = 1;
				DYLIB_INSTALL_NAME_BASE = "@rpath";
				ENABLE_MODULE_VERIFIER = YES;
				GENERATE_INFOPLIST_FILE = YES;
				INFOPLIST_KEY_NSHumanReadableCopyright = "";
				INSTALL_PATH = "$(LOCAL_LIBRARY_DIR)/Frameworks";
				LD_RUNPATH_SEARCH_PATHS = (
					"$(inherited)",
					"@executable_path/Frameworks",
					"@loader_path/Frameworks",
				);
				MARKETING_VERSION = 1.0;
				MODULE_VERIFIER_SUPPORTED_LANGUAGES = "objective-c objective-c++";
				MODULE_VERIFIER_SUPPORTED_LANGUAGE_STANDARDS = "gnu11 gnu++20";
				PRODUCT_BUNDLE_IDENTIFIER = com.aniket.patil.ReapMindValidations;
				PRODUCT_NAME = "$(TARGET_NAME:c99extidentifier)";
				SKIP_INSTALL = YES;
				SWIFT_EMIT_LOC_STRINGS = YES;
				SWIFT_VERSION = 5.0;
				TARGETED_DEVICE_FAMILY = "1,2";
			};
			name = Debug;
		};
		FE5369702C0F1A79008992C2 /* Release */ = {
			isa = XCBuildConfiguration;
			buildSettings = {
				CODE_SIGN_STYLE = Automatic;
				CURRENT_PROJECT_VERSION = 1;
				DEFINES_MODULE = YES;
				DYLIB_COMPATIBILITY_VERSION = 1;
				DYLIB_CURRENT_VERSION = 1;
				DYLIB_INSTALL_NAME_BASE = "@rpath";
				ENABLE_MODULE_VERIFIER = YES;
				GENERATE_INFOPLIST_FILE = YES;
				INFOPLIST_KEY_NSHumanReadableCopyright = "";
				INSTALL_PATH = "$(LOCAL_LIBRARY_DIR)/Frameworks";
				LD_RUNPATH_SEARCH_PATHS = (
					"$(inherited)",
					"@executable_path/Frameworks",
					"@loader_path/Frameworks",
				);
				MARKETING_VERSION = 1.0;
				MODULE_VERIFIER_SUPPORTED_LANGUAGES = "objective-c objective-c++";
				MODULE_VERIFIER_SUPPORTED_LANGUAGE_STANDARDS = "gnu11 gnu++20";
				PRODUCT_BUNDLE_IDENTIFIER = com.aniket.patil.ReapMindValidations;
				PRODUCT_NAME = "$(TARGET_NAME:c99extidentifier)";
				SKIP_INSTALL = YES;
				SWIFT_EMIT_LOC_STRINGS = YES;
				SWIFT_VERSION = 5.0;
				TARGETED_DEVICE_FAMILY = "1,2";
			};
			name = Release;
		};
		FE5369722C0F1A79008992C2 /* Debug */ = {
			isa = XCBuildConfiguration;
			buildSettings = {
				CODE_SIGN_STYLE = Automatic;
				CURRENT_PROJECT_VERSION = 1;
				GENERATE_INFOPLIST_FILE = YES;
				MARKETING_VERSION = 1.0;
				PRODUCT_BUNDLE_IDENTIFIER = com.aniket.patil.ReapMindValidationsTests;
				PRODUCT_NAME = "$(TARGET_NAME)";
				SWIFT_EMIT_LOC_STRINGS = NO;
				SWIFT_VERSION = 5.0;
				TARGETED_DEVICE_FAMILY = "1,2";
			};
			name = Debug;
		};
		FE5369732C0F1A79008992C2 /* Release */ = {
			isa = XCBuildConfiguration;
			buildSettings = {
				CODE_SIGN_STYLE = Automatic;
				CURRENT_PROJECT_VERSION = 1;
				GENERATE_INFOPLIST_FILE = YES;
				MARKETING_VERSION = 1.0;
				PRODUCT_BUNDLE_IDENTIFIER = com.aniket.patil.ReapMindValidationsTests;
				PRODUCT_NAME = "$(TARGET_NAME)";
				SWIFT_EMIT_LOC_STRINGS = NO;
				SWIFT_VERSION = 5.0;
				TARGETED_DEVICE_FAMILY = "1,2";
			};
			name = Release;
		};
/* End XCBuildConfiguration section */

/* Begin XCConfigurationList section */
		FE5369542C0F1A79008992C2 /* Build configuration list for PBXProject "ReapMindValidations" */ = {
			isa = XCConfigurationList;
			buildConfigurations = (
				FE53696C2C0F1A79008992C2 /* Debug */,
				FE53696D2C0F1A79008992C2 /* Release */,
			);
			defaultConfigurationIsVisible = 0;
			defaultConfigurationName = Release;
		};
		FE53696E2C0F1A79008992C2 /* Build configuration list for PBXNativeTarget "ReapMindValidations" */ = {
			isa = XCConfigurationList;
			buildConfigurations = (
				FE53696F2C0F1A79008992C2 /* Debug */,
				FE5369702C0F1A79008992C2 /* Release */,
			);
			defaultConfigurationIsVisible = 0;
			defaultConfigurationName = Release;
		};
		FE5369712C0F1A79008992C2 /* Build configuration list for PBXNativeTarget "ReapMindValidationsTests" */ = {
			isa = XCConfigurationList;
			buildConfigurations = (
				FE5369722C0F1A79008992C2 /* Debug */,
				FE5369732C0F1A79008992C2 /* Release */,
			);
			defaultConfigurationIsVisible = 0;
			defaultConfigurationName = Release;
		};
/* End XCConfigurationList section */
	};
	rootObject = FE5369512C0F1A79008992C2 /* Project object */;
}
